
Microsoft Visual Studio Solution File, Format Version 12.00
# Visual Studio Version 17
VisualStudioVersion = 17.3.32929.385
MinimumVisualStudioVersion = 10.0.40219.1
Project("{FAE04EC0-301F-11D3-BF4B-00C04F79EFBC}") = "Currency.API", "Currency.API\Currency.API.csproj", "{8F49EA8E-9AC3-4695-95BD-9F3962073A02}"
EndProject
Global
	GlobalSection(SolutionConfigurationPlatforms) = preSolution
		Debug|Any CPU = Debug|Any CPU
		Release|Any CPU = Release|Any CPU
	EndGlobalSection
	GlobalSection(ProjectConfigurationPlatforms) = postSolution
		{8F49EA8E-9AC3-4695-95BD-9F3962073A02}.Debug|Any CPU.ActiveCfg = Debug|Any CPU
		{8F49EA8E-9AC3-4695-95BD-9F3962073A02}.Debug|Any CPU.Build.0 = Debug|Any CPU
		{8F49EA8E-9AC3-4695-95BD-9F3962073A02}.Release|Any CPU.ActiveCfg = Release|Any CPU
		{8F49EA8E-9AC3-4695-95BD-9F3962073A02}.Release|Any CPU.Build.0 = Release|Any CPU
	EndGlobalSection
	GlobalSection(SolutionProperties) = preSolution
		HideSolutionNode = FALSE
	EndGlobalSection
	GlobalSection(ExtensibilityGlobals) = postSolution
		SolutionGuid = {4F208750-232D-4353-A08A-F2CBD7CC8737}
	EndGlobalSection
EndGlobal
